
Microsoft Visual Studio Solution File, Format Version 12.00
# Visual Studio Version 17
VisualStudioVersion = 17.0.31903.59
MinimumVisualStudioVersion = 10.0.40219.1
Project("{FAE04EC0-301F-11D3-BF4B-00C04F79EFBC}") = "ProjLibrary", "ProjLibrary\ProjLibrary.csproj", "{29E247B8-57BB-4305-8626-7DA5B1F707C6}"
EndProject
Global
	GlobalSection(SolutionConfigurationPlatforms) = preSolution
		Debug|Any CPU = Debug|Any CPU
		Release|Any CPU = Release|Any CPU
	EndGlobalSection
	GlobalSection(ProjectConfigurationPlatforms) = postSolution
		{29E247B8-57BB-4305-8626-7DA5B1F707C6}.Debug|Any CPU.ActiveCfg = Debug|Any CPU
		{29E247B8-57BB-4305-8626-7DA5B1F707C6}.Debug|Any CPU.Build.0 = Debug|Any CPU
		{29E247B8-57BB-4305-8626-7DA5B1F707C6}.Release|Any CPU.ActiveCfg = Release|Any CPU
		{29E247B8-57BB-4305-8626-7DA5B1F707C6}.Release|Any CPU.Build.0 = Release|Any CPU
	EndGlobalSection
	GlobalSection(SolutionProperties) = preSolution
		HideSolutionNode = FALSE
	EndGlobalSection
	GlobalSection(ExtensibilityGlobals) = postSolution
		SolutionGuid = {11B31BA8-E864-4C25-9A52-CCBCD454468E}
	EndGlobalSection
EndGlobal
